
Microsoft Visual Studio Solution File, Format Version 12.00
# Visual Studio Version 17
VisualStudioVersion = 17.4.33213.308
MinimumVisualStudioVersion = 10.0.40219.1
Project("{FAE04EC0-301F-11D3-BF4B-00C04F79EFBC}") = "ConsoleApp22", "ConsoleApp22.csproj", "{73B19F7F-7F8A-454C-93AA-4D1902E11AA3}"
EndProject
Global
	GlobalSection(SolutionConfigurationPlatforms) = preSolution
		Debug|Any CPU = Debug|Any CPU
		Release|Any CPU = Release|Any CPU
	EndGlobalSection
	GlobalSection(ProjectConfigurationPlatforms) = postSolution
		{73B19F7F-7F8A-454C-93AA-4D1902E11AA3}.Debug|Any CPU.ActiveCfg = Debug|Any CPU
		{73B19F7F-7F8A-454C-93AA-4D1902E11AA3}.Debug|Any CPU.Build.0 = Debug|Any CPU
		{73B19F7F-7F8A-454C-93AA-4D1902E11AA3}.Release|Any CPU.ActiveCfg = Release|Any CPU
		{73B19F7F-7F8A-454C-93AA-4D1902E11AA3}.Release|Any CPU.Build.0 = Release|Any CPU
	EndGlobalSection
	GlobalSection(SolutionProperties) = preSolution
		HideSolutionNode = FALSE
	EndGlobalSection
	GlobalSection(ExtensibilityGlobals) = postSolution
		SolutionGuid = {2872F700-CEC4-460F-9E62-BCF1469BEF72}
	EndGlobalSection
EndGlobal
